
Microsoft Visual Studio Solution File, Format Version 12.00
Project("{FAE04EC0-301F-11D3-BF4B-00C04F79EFBC}") = "UgfBase", "UgfBase\UgfBase.csproj", "{C3BC0B25-6244-424E-B72A-F2524CC11E8A}"
EndProject
Project("{2150E333-8FDC-42A3-9474-1A3956D46DE8}") = "DataManager", "DataManager", "{9CA142DC-2EDA-42CC-AE27-9043E341D243}"
EndProject
Project("{2150E333-8FDC-42A3-9474-1A3956D46DE8}") = "src", "src", "{2075B08C-1364-41AF-96E3-D39202812F41}"
EndProject
Project("{2150E333-8FDC-42A3-9474-1A3956D46DE8}") = "test", "test", "{FED1E98D-BC9E-4F58-9326-F3D33C3769C8}"
EndProject
Project("{FAE04EC0-301F-11D3-BF4B-00C04F79EFBC}") = "Ugf.DataManager.Application", "Ugf.DataManager\src\Ugf.DataManager.Application\Ugf.DataManager.Application.csproj", "{19D6ED2D-C22B-4E38-ADD7-38838153F90D}"
EndProject
Project("{FAE04EC0-301F-11D3-BF4B-00C04F79EFBC}") = "Ugf.DataManager.Application.Contracts", "Ugf.DataManager\src\Ugf.DataManager.Application.Contracts\Ugf.DataManager.Application.Contracts.csproj", "{FF8F05AA-6C2C-45D8-84C6-F606EA08E1E9}"
EndProject
Project("{FAE04EC0-301F-11D3-BF4B-00C04F79EFBC}") = "Ugf.DataManager.Blazor", "Ugf.DataManager\src\Ugf.DataManager.Blazor\Ugf.DataManager.Blazor.csproj", "{48506457-7A29-4623-BCA4-2715AFCC9675}"
EndProject
Project("{FAE04EC0-301F-11D3-BF4B-00C04F79EFBC}") = "Ugf.DataManager.DbMigrator", "Ugf.DataManager\src\Ugf.DataManager.DbMigrator\Ugf.DataManager.DbMigrator.csproj", "{8C70AE5E-50AE-40F2-9D5A-CC7885023096}"
EndProject
Project("{FAE04EC0-301F-11D3-BF4B-00C04F79EFBC}") = "Ugf.DataManager.Domain", "Ugf.DataManager\src\Ugf.DataManager.Domain\Ugf.DataManager.Domain.csproj", "{E0ACDCA3-A803-4649-B13A-E59C74639245}"
EndProject
Project("{FAE04EC0-301F-11D3-BF4B-00C04F79EFBC}") = "Ugf.DataManager.Domain.Shared", "Ugf.DataManager\src\Ugf.DataManager.Domain.Shared\Ugf.DataManager.Domain.Shared.csproj", "{6DEB850B-C4FE-4E08-B835-D88F5877A97D}"
EndProject
Project("{FAE04EC0-301F-11D3-BF4B-00C04F79EFBC}") = "Ugf.DataManager.EntityFrameworkCore", "Ugf.DataManager\src\Ugf.DataManager.EntityFrameworkCore\Ugf.DataManager.EntityFrameworkCore.csproj", "{8C51A1FD-6048-4479-92D6-F482989CF310}"
EndProject
Project("{FAE04EC0-301F-11D3-BF4B-00C04F79EFBC}") = "Ugf.DataManager.HttpApi", "Ugf.DataManager\src\Ugf.DataManager.HttpApi\Ugf.DataManager.HttpApi.csproj", "{B7BFBC2A-CD26-4E76-A6D3-F7DEA777430C}"
EndProject
Project("{FAE04EC0-301F-11D3-BF4B-00C04F79EFBC}") = "Ugf.DataManager.HttpApi.Client", "Ugf.DataManager\src\Ugf.DataManager.HttpApi.Client\Ugf.DataManager.HttpApi.Client.csproj", "{A7215CAB-41DA-408A-AE8C-5C5B8A73E785}"
EndProject
Project("{FAE04EC0-301F-11D3-BF4B-00C04F79EFBC}") = "Ugf.DataManager.Application.Tests", "Ugf.DataManager\test\Ugf.DataManager.Application.Tests\Ugf.DataManager.Application.Tests.csproj", "{D71A3E5E-F178-45B4-89F7-2E04FF18EFF4}"
EndProject
Project("{FAE04EC0-301F-11D3-BF4B-00C04F79EFBC}") = "Ugf.DataManager.Domain.Tests", "Ugf.DataManager\test\Ugf.DataManager.Domain.Tests\Ugf.DataManager.Domain.Tests.csproj", "{D305B39F-D17E-4070-90A4-ED3308BBC70D}"
EndProject
Project("{FAE04EC0-301F-11D3-BF4B-00C04F79EFBC}") = "Ugf.DataManager.EntityFrameworkCore.Tests", "Ugf.DataManager\test\Ugf.DataManager.EntityFrameworkCore.Tests\Ugf.DataManager.EntityFrameworkCore.Tests.csproj", "{BCCEE314-715C-4226-8F36-BF8449B09669}"
EndProject
Project("{FAE04EC0-301F-11D3-BF4B-00C04F79EFBC}") = "Ugf.DataManager.HttpApi.Client.ConsoleTestApp", "Ugf.DataManager\test\Ugf.DataManager.HttpApi.Client.ConsoleTestApp\Ugf.DataManager.HttpApi.Client.ConsoleTestApp.csproj", "{04CCB9F1-FF9E-4889-AB70-F9F55CEA4ED6}"
EndProject
Project("{FAE04EC0-301F-11D3-BF4B-00C04F79EFBC}") = "Ugf.DataManager.TestBase", "Ugf.DataManager\test\Ugf.DataManager.TestBase\Ugf.DataManager.TestBase.csproj", "{0739E440-7FEE-447D-B849-BC882E0A765C}"
EndProject
Project("{2150E333-8FDC-42A3-9474-1A3956D46DE8}") = "Ugf", "Ugf", "{C07E7F8A-E9E0-4314-B1C0-16B3F6E73385}"
EndProject
Project("{FAE04EC0-301F-11D3-BF4B-00C04F79EFBC}") = "Ugf.Unity", "Ugf.Unity\Ugf.Unity.csproj", "{070713E4-2204-41B7-87B5-4BD41713D69B}"
EndProject
Project("{FAE04EC0-301F-11D3-BF4B-00C04F79EFBC}") = "Ugf.HexMap", "Ugf.HexMap\Ugf.HexMap.csproj", "{5E9C073B-95A7-4444-895E-6B752B00568A}"
EndProject
Project("{2150E333-8FDC-42A3-9474-1A3956D46DE8}") = "Outer", "Outer", "{AD36E88A-CC07-40F4-9DCF-2A69D8DB9A9E}"
EndProject
Project("{FAE04EC0-301F-11D3-BF4B-00C04F79EFBC}") = "Core", "Outer\Core.csproj", "{35E0D2B0-E12E-493F-A5CC-622C92BD8BCB}"
EndProject
Global
	GlobalSection(SolutionConfigurationPlatforms) = preSolution
		Debug|Any CPU = Debug|Any CPU
		Release|Any CPU = Release|Any CPU
	EndGlobalSection
	GlobalSection(ProjectConfigurationPlatforms) = postSolution
		{C3BC0B25-6244-424E-B72A-F2524CC11E8A}.Debug|Any CPU.ActiveCfg = Debug|Any CPU
		{C3BC0B25-6244-424E-B72A-F2524CC11E8A}.Debug|Any CPU.Build.0 = Debug|Any CPU
		{C3BC0B25-6244-424E-B72A-F2524CC11E8A}.Release|Any CPU.ActiveCfg = Release|Any CPU
		{C3BC0B25-6244-424E-B72A-F2524CC11E8A}.Release|Any CPU.Build.0 = Release|Any CPU
		{19D6ED2D-C22B-4E38-ADD7-38838153F90D}.Debug|Any CPU.ActiveCfg = Debug|Any CPU
		{19D6ED2D-C22B-4E38-ADD7-38838153F90D}.Debug|Any CPU.Build.0 = Debug|Any CPU
		{19D6ED2D-C22B-4E38-ADD7-38838153F90D}.Release|Any CPU.ActiveCfg = Release|Any CPU
		{19D6ED2D-C22B-4E38-ADD7-38838153F90D}.Release|Any CPU.Build.0 = Release|Any CPU
		{FF8F05AA-6C2C-45D8-84C6-F606EA08E1E9}.Debug|Any CPU.ActiveCfg = Debug|Any CPU
		{FF8F05AA-6C2C-45D8-84C6-F606EA08E1E9}.Debug|Any CPU.Build.0 = Debug|Any CPU
		{FF8F05AA-6C2C-45D8-84C6-F606EA08E1E9}.Release|Any CPU.ActiveCfg = Release|Any CPU
		{FF8F05AA-6C2C-45D8-84C6-F606EA08E1E9}.Release|Any CPU.Build.0 = Release|Any CPU
		{48506457-7A29-4623-BCA4-2715AFCC9675}.Debug|Any CPU.ActiveCfg = Debug|Any CPU
		{48506457-7A29-4623-BCA4-2715AFCC9675}.Debug|Any CPU.Build.0 = Debug|Any CPU
		{48506457-7A29-4623-BCA4-2715AFCC9675}.Release|Any CPU.ActiveCfg = Release|Any CPU
		{48506457-7A29-4623-BCA4-2715AFCC9675}.Release|Any CPU.Build.0 = Release|Any CPU
		{8C70AE5E-50AE-40F2-9D5A-CC7885023096}.Debug|Any CPU.ActiveCfg = Debug|Any CPU
		{8C70AE5E-50AE-40F2-9D5A-CC7885023096}.Debug|Any CPU.Build.0 = Debug|Any CPU
		{8C70AE5E-50AE-40F2-9D5A-CC7885023096}.Release|Any CPU.ActiveCfg = Release|Any CPU
		{8C70AE5E-50AE-40F2-9D5A-CC7885023096}.Release|Any CPU.Build.0 = Release|Any CPU
		{E0ACDCA3-A803-4649-B13A-E59C74639245}.Debug|Any CPU.ActiveCfg = Debug|Any CPU
		{E0ACDCA3-A803-4649-B13A-E59C74639245}.Debug|Any CPU.Build.0 = Debug|Any CPU
		{E0ACDCA3-A803-4649-B13A-E59C74639245}.Release|Any CPU.ActiveCfg = Release|Any CPU
		{E0ACDCA3-A803-4649-B13A-E59C74639245}.Release|Any CPU.Build.0 = Release|Any CPU
		{6DEB850B-C4FE-4E08-B835-D88F5877A97D}.Debug|Any CPU.ActiveCfg = Debug|Any CPU
		{6DEB850B-C4FE-4E08-B835-D88F5877A97D}.Debug|Any CPU.Build.0 = Debug|Any CPU
		{6DEB850B-C4FE-4E08-B835-D88F5877A97D}.Release|Any CPU.ActiveCfg = Release|Any CPU
		{6DEB850B-C4FE-4E08-B835-D88F5877A97D}.Release|Any CPU.Build.0 = Release|Any CPU
		{8C51A1FD-6048-4479-92D6-F482989CF310}.Debug|Any CPU.ActiveCfg = Debug|Any CPU
		{8C51A1FD-6048-4479-92D6-F482989CF310}.Debug|Any CPU.Build.0 = Debug|Any CPU
		{8C51A1FD-6048-4479-92D6-F482989CF310}.Release|Any CPU.ActiveCfg = Release|Any CPU
		{8C51A1FD-6048-4479-92D6-F482989CF310}.Release|Any CPU.Build.0 = Release|Any CPU
		{B7BFBC2A-CD26-4E76-A6D3-F7DEA777430C}.Debug|Any CPU.ActiveCfg = Debug|Any CPU
		{B7BFBC2A-CD26-4E76-A6D3-F7DEA777430C}.Debug|Any CPU.Build.0 = Debug|Any CPU
		{B7BFBC2A-CD26-4E76-A6D3-F7DEA777430C}.Release|Any CPU.ActiveCfg = Release|Any CPU
		{B7BFBC2A-CD26-4E76-A6D3-F7DEA777430C}.Release|Any CPU.Build.0 = Release|Any CPU
		{A7215CAB-41DA-408A-AE8C-5C5B8A73E785}.Debug|Any CPU.ActiveCfg = Debug|Any CPU
		{A7215CAB-41DA-408A-AE8C-5C5B8A73E785}.Debug|Any CPU.Build.0 = Debug|Any CPU
		{A7215CAB-41DA-408A-AE8C-5C5B8A73E785}.Release|Any CPU.ActiveCfg = Release|Any CPU
		{A7215CAB-41DA-408A-AE8C-5C5B8A73E785}.Release|Any CPU.Build.0 = Release|Any CPU
		{D71A3E5E-F178-45B4-89F7-2E04FF18EFF4}.Debug|Any CPU.ActiveCfg = Debug|Any CPU
		{D71A3E5E-F178-45B4-89F7-2E04FF18EFF4}.Debug|Any CPU.Build.0 = Debug|Any CPU
		{D71A3E5E-F178-45B4-89F7-2E04FF18EFF4}.Release|Any CPU.ActiveCfg = Release|Any CPU
		{D71A3E5E-F178-45B4-89F7-2E04FF18EFF4}.Release|Any CPU.Build.0 = Release|Any CPU
		{D305B39F-D17E-4070-90A4-ED3308BBC70D}.Debug|Any CPU.ActiveCfg = Debug|Any CPU
		{D305B39F-D17E-4070-90A4-ED3308BBC70D}.Debug|Any CPU.Build.0 = Debug|Any CPU
		{D305B39F-D17E-4070-90A4-ED3308BBC70D}.Release|Any CPU.ActiveCfg = Release|Any CPU
		{D305B39F-D17E-4070-90A4-ED3308BBC70D}.Release|Any CPU.Build.0 = Release|Any CPU
		{BCCEE314-715C-4226-8F36-BF8449B09669}.Debug|Any CPU.ActiveCfg = Debug|Any CPU
		{BCCEE314-715C-4226-8F36-BF8449B09669}.Debug|Any CPU.Build.0 = Debug|Any CPU
		{BCCEE314-715C-4226-8F36-BF8449B09669}.Release|Any CPU.ActiveCfg = Release|Any CPU
		{BCCEE314-715C-4226-8F36-BF8449B09669}.Release|Any CPU.Build.0 = Release|Any CPU
		{04CCB9F1-FF9E-4889-AB70-F9F55CEA4ED6}.Debug|Any CPU.ActiveCfg = Debug|Any CPU
		{04CCB9F1-FF9E-4889-AB70-F9F55CEA4ED6}.Debug|Any CPU.Build.0 = Debug|Any CPU
		{04CCB9F1-FF9E-4889-AB70-F9F55CEA4ED6}.Release|Any CPU.ActiveCfg = Release|Any CPU
		{04CCB9F1-FF9E-4889-AB70-F9F55CEA4ED6}.Release|Any CPU.Build.0 = Release|Any CPU
		{0739E440-7FEE-447D-B849-BC882E0A765C}.Debug|Any CPU.ActiveCfg = Debug|Any CPU
		{0739E440-7FEE-447D-B849-BC882E0A765C}.Debug|Any CPU.Build.0 = Debug|Any CPU
		{0739E440-7FEE-447D-B849-BC882E0A765C}.Release|Any CPU.ActiveCfg = Release|Any CPU
		{0739E440-7FEE-447D-B849-BC882E0A765C}.Release|Any CPU.Build.0 = Release|Any CPU
		{070713E4-2204-41B7-87B5-4BD41713D69B}.Debug|Any CPU.ActiveCfg = Debug|Any CPU
		{070713E4-2204-41B7-87B5-4BD41713D69B}.Debug|Any CPU.Build.0 = Debug|Any CPU
		{070713E4-2204-41B7-87B5-4BD41713D69B}.Release|Any CPU.ActiveCfg = Release|Any CPU
		{070713E4-2204-41B7-87B5-4BD41713D69B}.Release|Any CPU.Build.0 = Release|Any CPU
		{5E9C073B-95A7-4444-895E-6B752B00568A}.Debug|Any CPU.ActiveCfg = Debug|Any CPU
		{5E9C073B-95A7-4444-895E-6B752B00568A}.Debug|Any CPU.Build.0 = Debug|Any CPU
		{5E9C073B-95A7-4444-895E-6B752B00568A}.Release|Any CPU.ActiveCfg = Release|Any CPU
		{5E9C073B-95A7-4444-895E-6B752B00568A}.Release|Any CPU.Build.0 = Release|Any CPU
		{35E0D2B0-E12E-493F-A5CC-622C92BD8BCB}.Debug|Any CPU.ActiveCfg = Debug|Any CPU
		{35E0D2B0-E12E-493F-A5CC-622C92BD8BCB}.Debug|Any CPU.Build.0 = Debug|Any CPU
		{35E0D2B0-E12E-493F-A5CC-622C92BD8BCB}.Release|Any CPU.ActiveCfg = Release|Any CPU
		{35E0D2B0-E12E-493F-A5CC-622C92BD8BCB}.Release|Any CPU.Build.0 = Release|Any CPU
	EndGlobalSection
	GlobalSection(NestedProjects) = preSolution
		{2075B08C-1364-41AF-96E3-D39202812F41} = {9CA142DC-2EDA-42CC-AE27-9043E341D243}
		{FED1E98D-BC9E-4F58-9326-F3D33C3769C8} = {9CA142DC-2EDA-42CC-AE27-9043E341D243}
		{19D6ED2D-C22B-4E38-ADD7-38838153F90D} = {2075B08C-1364-41AF-96E3-D39202812F41}
		{FF8F05AA-6C2C-45D8-84C6-F606EA08E1E9} = {2075B08C-1364-41AF-96E3-D39202812F41}
		{48506457-7A29-4623-BCA4-2715AFCC9675} = {2075B08C-1364-41AF-96E3-D39202812F41}
		{8C70AE5E-50AE-40F2-9D5A-CC7885023096} = {2075B08C-1364-41AF-96E3-D39202812F41}
		{E0ACDCA3-A803-4649-B13A-E59C74639245} = {2075B08C-1364-41AF-96E3-D39202812F41}
		{6DEB850B-C4FE-4E08-B835-D88F5877A97D} = {2075B08C-1364-41AF-96E3-D39202812F41}
		{8C51A1FD-6048-4479-92D6-F482989CF310} = {2075B08C-1364-41AF-96E3-D39202812F41}
		{B7BFBC2A-CD26-4E76-A6D3-F7DEA777430C} = {2075B08C-1364-41AF-96E3-D39202812F41}
		{A7215CAB-41DA-408A-AE8C-5C5B8A73E785} = {2075B08C-1364-41AF-96E3-D39202812F41}
		{D71A3E5E-F178-45B4-89F7-2E04FF18EFF4} = {FED1E98D-BC9E-4F58-9326-F3D33C3769C8}
		{D305B39F-D17E-4070-90A4-ED3308BBC70D} = {FED1E98D-BC9E-4F58-9326-F3D33C3769C8}
		{BCCEE314-715C-4226-8F36-BF8449B09669} = {FED1E98D-BC9E-4F58-9326-F3D33C3769C8}
		{04CCB9F1-FF9E-4889-AB70-F9F55CEA4ED6} = {FED1E98D-BC9E-4F58-9326-F3D33C3769C8}
		{0739E440-7FEE-447D-B849-BC882E0A765C} = {FED1E98D-BC9E-4F58-9326-F3D33C3769C8}
		{C3BC0B25-6244-424E-B72A-F2524CC11E8A} = {C07E7F8A-E9E0-4314-B1C0-16B3F6E73385}
		{070713E4-2204-41B7-87B5-4BD41713D69B} = {C07E7F8A-E9E0-4314-B1C0-16B3F6E73385}
		{5E9C073B-95A7-4444-895E-6B752B00568A} = {C07E7F8A-E9E0-4314-B1C0-16B3F6E73385}
		{35E0D2B0-E12E-493F-A5CC-622C92BD8BCB} = {AD36E88A-CC07-40F4-9DCF-2A69D8DB9A9E}
	EndGlobalSection
EndGlobal
